# This is a Gradle generated file for dependency locking.
# Manual edits can break the build and are not advised.
# This file is expected to be part of source control.
commons-io:commons-io:2.14.0=testCompileClasspath,testRuntimeClasspath
io.github.toolfactory:jvm-driver:9.8.0=compileClasspath,runtimeClasspath,testCompileClasspath,testRuntimeClasspath
org.apiguardian:apiguardian-api:1.1.2=testCompileClasspath,testRuntimeClasspath
org.burningwave:core:12.66.2=compileClasspath,runtimeClasspath,testCompileClasspath,testRuntimeClasspath
org.burningwave:jvm-driver:8.19.1=compileClasspath,runtimeClasspath,testCompileClasspath,testRuntimeClasspath
org.junit.jupiter:junit-jupiter-api:5.9.2=testCompileClasspath,testRuntimeClasspath
org.junit.jupiter:junit-jupiter-engine:5.9.2=testRuntimeClasspath
org.junit.jupiter:junit-jupiter-params:5.9.2=testCompileClasspath,testRuntimeClasspath
org.junit.platform:junit-platform-commons:1.9.2=testCompileClasspath,testRuntimeClasspath
org.junit.platform:junit-platform-engine:1.9.2=testRuntimeClasspath
org.opentest4j:opentest4j:1.2.0=testCompileClasspath,testRuntimeClasspath
empty=annotationProcessor,java11AnnotationProcessor,java11CompileClasspath,java11RuntimeClasspath,shadow,testAnnotationProcessor
